// !$*UTF8*$!
{
	archiveVersion = 1;
	classes = {
	};
	objectVersion = 48;
	objects = {

/* Begin PBXBuildFile section */
		08253F47CD5E775DACC6C33A /* Pods_iV2Tests.framework in Frameworks */ = {isa = PBXBuildFile; fileRef = 74D412474D15A0584BCF491A /* Pods_iV2Tests.framework */; };
		21A271CE4AC216173E662507 /* Pods_iV2.framework in Frameworks */ = {isa = PBXBuildFile; fileRef = B096EE18550AE74C2AEF9D53 /* Pods_iV2.framework */; };
		84F26D261F8A334200C7766E /* AppDelegate.swift in Sources */ = {isa = PBXBuildFile; fileRef = 84F26D251F8A334200C7766E /* AppDelegate.swift */; };
		84F26D281F8A334200C7766E /* ViewController.swift in Sources */ = {isa = PBXBuildFile; fileRef = 84F26D271F8A334200C7766E /* ViewController.swift */; };
		84F26D2B1F8A334200C7766E /* Main.storyboard in Resources */ = {isa = PBXBuildFile; fileRef = 84F26D291F8A334200C7766E /* Main.storyboard */; };
		84F26D2D1F8A334200C7766E /* Assets.xcassets in Resources */ = {isa = PBXBuildFile; fileRef = 84F26D2C1F8A334200C7766E /* Assets.xcassets */; };
		84F26D301F8A334200C7766E /* LaunchScreen.storyboard in Resources */ = {isa = PBXBuildFile; fileRef = 84F26D2E1F8A334200C7766E /* LaunchScreen.storyboard */; };
		84F26D3B1F8A334200C7766E /* iV2Tests.swift in Sources */ = {isa = PBXBuildFile; fileRef = 84F26D3A1F8A334200C7766E /* iV2Tests.swift */; };
/* End PBXBuildFile section */

/* Begin PBXContainerItemProxy section */
		84F26D371F8A334200C7766E /* PBXContainerItemProxy */ = {
			isa = PBXContainerItemProxy;
			containerPortal = 84F26D1A1F8A334200C7766E /* Project object */;
			proxyType = 1;
			remoteGlobalIDString = 84F26D211F8A334200C7766E;
			remoteInfo = iV2;
		};
/* End PBXContainerItemProxy section */

/* Begin PBXFileReference section */
		24FD28DA8303F92F536F5FC6 /* Pods-iV2Tests.release.xcconfig */ = {isa = PBXFileReference; includeInIndex = 1; lastKnownFileType = text.xcconfig; name = "Pods-iV2Tests.release.xcconfig"; path = "Pods/Target Support Files/Pods-iV2Tests/Pods-iV2Tests.release.xcconfig"; sourceTree = "<group>"; };
		2F79DCFB01811CC1FBC9745E /* Pods-iV2.release.xcconfig */ = {isa = PBXFileReference; includeInIndex = 1; lastKnownFileType = text.xcconfig; name = "Pods-iV2.release.xcconfig"; path = "Pods/Target Support Files/Pods-iV2/Pods-iV2.release.xcconfig"; sourceTree = "<group>"; };
		74D412474D15A0584BCF491A /* Pods_iV2Tests.framework */ = {isa = PBXFileReference; explicitFileType = wrapper.framework; includeInIndex = 0; path = Pods_iV2Tests.framework; sourceTree = BUILT_PRODUCTS_DIR; };
		84F26D221F8A334200C7766E /* iV2.app */ = {isa = PBXFileReference; explicitFileType = wrapper.application; includeInIndex = 0; path = iV2.app; sourceTree = BUILT_PRODUCTS_DIR; };
		84F26D251F8A334200C7766E /* AppDelegate.swift */ = {isa = PBXFileReference; lastKnownFileType = sourcecode.swift; path = AppDelegate.swift; sourceTree = "<group>"; };
		84F26D271F8A334200C7766E /* ViewController.swift */ = {isa = PBXFileReference; lastKnownFileType = sourcecode.swift; path = ViewController.swift; sourceTree = "<group>"; };
		84F26D2A1F8A334200C7766E /* Base */ = {isa = PBXFileReference; lastKnownFileType = file.storyboard; name = Base; path = Base.lproj/Main.storyboard; sourceTree = "<group>"; };
		84F26D2C1F8A334200C7766E /* Assets.xcassets */ = {isa = PBXFileReference; lastKnownFileType = folder.assetcatalog; path = Assets.xcassets; sourceTree = "<group>"; };
		84F26D2F1F8A334200C7766E /* Base */ = {isa = PBXFileReference; lastKnownFileType = file.storyboard; name = Base; path = Base.lproj/LaunchScreen.storyboard; sourceTree = "<group>"; };
		84F26D311F8A334200C7766E /* Info.plist */ = {isa = PBXFileReference; lastKnownFileType = text.plist.xml; path = Info.plist; sourceTree = "<group>"; };
		84F26D361F8A334200C7766E /* iV2Tests.xctest */ = {isa = PBXFileReference; explicitFileType = wrapper.cfbundle; includeInIndex = 0; path = iV2Tests.xctest; sourceTree = BUILT_PRODUCTS_DIR; };
		84F26D3A1F8A334200C7766E /* iV2Tests.swift */ = {isa = PBXFileReference; lastKnownFileType = sourcecode.swift; path = iV2Tests.swift; sourceTree = "<group>"; };
		84F26D3C1F8A334200C7766E /* Info.plist */ = {isa = PBXFileReference; lastKnownFileType = text.plist.xml; path = Info.plist; sourceTree = "<group>"; };
		8DB61DDCF7CF27051D603579 /* Pods-iV2Tests.debug.xcconfig */ = {isa = PBXFileReference; includeInIndex = 1; lastKnownFileType = text.xcconfig; name = "Pods-iV2Tests.debug.xcconfig"; path = "Pods/Target Support Files/Pods-iV2Tests/Pods-iV2Tests.debug.xcconfig"; sourceTree = "<group>"; };
		A3848FE3A3C8C5C1C53D3B97 /* Pods-iV2.debug.xcconfig */ = {isa = PBXFileReference; includeInIndex = 1; lastKnownFileType = text.xcconfig; name = "Pods-iV2.debug.xcconfig"; path = "Pods/Target Support Files/Pods-iV2/Pods-iV2.debug.xcconfig"; sourceTree = "<group>"; };
		B096EE18550AE74C2AEF9D53 /* Pods_iV2.framework */ = {isa = PBXFileReference; explicitFileType = wrapper.framework; includeInIndex = 0; path = Pods_iV2.framework; sourceTree = BUILT_PRODUCTS_DIR; };
/* End PBXFileReference section */

/* Begin PBXFrameworksBuildPhase section */
		84F26D1F1F8A334200C7766E /* Frameworks */ = {
			isa = PBXFrameworksBuildPhase;
			buildActionMask = 2147483647;
			files = (
				21A271CE4AC216173E662507 /* Pods_iV2.framework in Frameworks */,
			);
			runOnlyForDeploymentPostprocessing = 0;
		};
		84F26D331F8A334200C7766E /* Frameworks */ = {
			isa = PBXFrameworksBuildPhase;
			buildActionMask = 2147483647;
			files = (
				08253F47CD5E775DACC6C33A /* Pods_iV2Tests.framework in Frameworks */,
			);
			runOnlyForDeploymentPostprocessing = 0;
		};
/* End PBXFrameworksBuildPhase section */

/* Begin PBXGroup section */
		10C930DCCDE96D4ED3ADA5FD /* Frameworks */ = {
			isa = PBXGroup;
			children = (
				B096EE18550AE74C2AEF9D53 /* Pods_iV2.framework */,
				74D412474D15A0584BCF491A /* Pods_iV2Tests.framework */,
			);
			name = Frameworks;
			sourceTree = "<group>";
		};
		32408C561501ACD9A016DB81 /* Pods */ = {
			isa = PBXGroup;
			children = (
				A3848FE3A3C8C5C1C53D3B97 /* Pods-iV2.debug.xcconfig */,
				2F79DCFB01811CC1FBC9745E /* Pods-iV2.release.xcconfig */,
				8DB61DDCF7CF27051D603579 /* Pods-iV2Tests.debug.xcconfig */,
				24FD28DA8303F92F536F5FC6 /* Pods-iV2Tests.release.xcconfig */,
			);
			name = Pods;
			sourceTree = "<group>";
		};
		84F26D191F8A334200C7766E = {
			isa = PBXGroup;
			children = (
				84F26D241F8A334200C7766E /* iV2 */,
				84F26D391F8A334200C7766E /* iV2Tests */,
				84F26D231F8A334200C7766E /* Products */,
				32408C561501ACD9A016DB81 /* Pods */,
				10C930DCCDE96D4ED3ADA5FD /* Frameworks */,
			);
			sourceTree = "<group>";
		};
		84F26D231F8A334200C7766E /* Products */ = {
			isa = PBXGroup;
			children = (
				84F26D221F8A334200C7766E /* iV2.app */,
				84F26D361F8A334200C7766E /* iV2Tests.xctest */,
			);
			name = Products;
			sourceTree = "<group>";
		};
		84F26D241F8A334200C7766E /* iV2 */ = {
			isa = PBXGroup;
			children = (
				84F26D251F8A334200C7766E /* AppDelegate.swift */,
				84F26D271F8A334200C7766E /* ViewController.swift */,
				84F26D291F8A334200C7766E /* Main.storyboard */,
				84F26D2C1F8A334200C7766E /* Assets.xcassets */,
				84F26D2E1F8A334200C7766E /* LaunchScreen.storyboard */,
				84F26D311F8A334200C7766E /* Info.plist */,
			);
			path = iV2;
			sourceTree = "<group>";
		};
		84F26D391F8A334200C7766E /* iV2Tests */ = {
			isa = PBXGroup;
			children = (
				84F26D3A1F8A334200C7766E /* iV2Tests.swift */,
				84F26D3C1F8A334200C7766E /* Info.plist */,
			);
			path = iV2Tests;
			sourceTree = "<group>";
		};
/* End PBXGroup section */

/* Begin PBXNativeTarget section */
		84F26D211F8A334200C7766E /* iV2 */ = {
			isa = PBXNativeTarget;
			buildConfigurationList = 84F26D3F1F8A334200C7766E /* Build configuration list for PBXNativeTarget "iV2" */;
			buildPhases = (
				5DDB05DB260285D03040A9B7 /* [CP] Check Pods Manifest.lock */,
				84F26D1E1F8A334200C7766E /* Sources */,
				84F26D1F1F8A334200C7766E /* Frameworks */,
				84F26D201F8A334200C7766E /* Resources */,
				1540FA459DA383BAE8257876 /* [CP] Embed Pods Frameworks */,
				64BB9CF435E9F2A84B1A9054 /* [CP] Copy Pods Resources */,
				84F26D451F8A349B00C7766E /* ShellScript */,
			);
			buildRules = (
			);
			dependencies = (
			);
			name = iV2;
			productName = iV2;
			productReference = 84F26D221F8A334200C7766E /* iV2.app */;
			productType = "com.apple.product-type.application";
		};
		84F26D351F8A334200C7766E /* iV2Tests */ = {
			isa = PBXNativeTarget;
			buildConfigurationList = 84F26D421F8A334200C7766E /* Build configuration list for PBXNativeTarget "iV2Tests" */;
			buildPhases = (
				A8FC076B5AD821C8B2A63A95 /* [CP] Check Pods Manifest.lock */,
				84F26D321F8A334200C7766E /* Sources */,
				84F26D331F8A334200C7766E /* Frameworks */,
				84F26D341F8A334200C7766E /* Resources */,
				FDAC83BA19ACEBE8C04B0CEA /* [CP] Embed Pods Frameworks */,
				55C523F7645CB40BA2C62FE8 /* [CP] Copy Pods Resources */,
			);
			buildRules = (
			);
			dependencies = (
				84F26D381F8A334200C7766E /* PBXTargetDependency */,
			);
			name = iV2Tests;
			productName = iV2Tests;
			productReference = 84F26D361F8A334200C7766E /* iV2Tests.xctest */;
			productType = "com.apple.product-type.bundle.unit-test";
		};
/* End PBXNativeTarget section */

/* Begin PBXProject section */
		84F26D1A1F8A334200C7766E /* Project object */ = {
			isa = PBXProject;
			attributes = {
				LastSwiftUpdateCheck = 0900;
				LastUpgradeCheck = 0900;
				ORGANIZATIONNAME = kingcos;
				TargetAttributes = {
					84F26D211F8A334200C7766E = {
						CreatedOnToolsVersion = 9.0;
						ProvisioningStyle = Automatic;
					};
					84F26D351F8A334200C7766E = {
						CreatedOnToolsVersion = 9.0;
						ProvisioningStyle = Automatic;
						TestTargetID = 84F26D211F8A334200C7766E;
					};
				};
			};
			buildConfigurationList = 84F26D1D1F8A334200C7766E /* Build configuration list for PBXProject "iV2" */;
			compatibilityVersion = "Xcode 8.0";
			developmentRegion = en;
			hasScannedForEncodings = 0;
			knownRegions = (
				en,
				Base,
			);
			mainGroup = 84F26D191F8A334200C7766E;
			productRefGroup = 84F26D231F8A334200C7766E /* Products */;
			projectDirPath = "";
			projectRoot = "";
			targets = (
				84F26D211F8A334200C7766E /* iV2 */,
				84F26D351F8A334200C7766E /* iV2Tests */,
			);
		};
/* End PBXProject section */

/* Begin PBXResourcesBuildPhase section */
		84F26D201F8A334200C7766E /* Resources */ = {
			isa = PBXResourcesBuildPhase;
			buildActionMask = 2147483647;
			files = (
				84F26D301F8A334200C7766E /* LaunchScreen.storyboard in Resources */,
				84F26D2D1F8A334200C7766E /* Assets.xcassets in Resources */,
				84F26D2B1F8A334200C7766E /* Main.storyboard in Resources */,
			);
			runOnlyForDeploymentPostprocessing = 0;
		};
		84F26D341F8A334200C7766E /* Resources */ = {
			isa = PBXResourcesBuildPhase;
			buildActionMask = 2147483647;
			files = (
			);
			runOnlyForDeploymentPostprocessing = 0;
		};
/* End PBXResourcesBuildPhase section */

/* Begin PBXShellScriptBuildPhase section */
		1540FA459DA383BAE8257876 /* [CP] Embed Pods Frameworks */ = {
			isa = PBXShellScriptBuildPhase;
			buildActionMask = 2147483647;
			files = (
			);
			inputPaths = (
				"${SRCROOT}/Pods/Target Support Files/Pods-iV2/Pods-iV2-frameworks.sh",
				"${BUILT_PRODUCTS_DIR}/Alamofire/Alamofire.framework",
				"${BUILT_PRODUCTS_DIR}/Moya/Moya.framework",
				"${BUILT_PRODUCTS_DIR}/Result/Result.framework",
			);
			name = "[CP] Embed Pods Frameworks";
			outputPaths = (
				"${TARGET_BUILD_DIR}/${FRAMEWORKS_FOLDER_PATH}/Alamofire.framework",
				"${TARGET_BUILD_DIR}/${FRAMEWORKS_FOLDER_PATH}/Moya.framework",
				"${TARGET_BUILD_DIR}/${FRAMEWORKS_FOLDER_PATH}/Result.framework",
			);
			runOnlyForDeploymentPostprocessing = 0;
			shellPath = /bin/sh;
			shellScript = "\"${SRCROOT}/Pods/Target Support Files/Pods-iV2/Pods-iV2-frameworks.sh\"\n";
			showEnvVarsInLog = 0;
		};
		55C523F7645CB40BA2C62FE8 /* [CP] Copy Pods Resources */ = {
			isa = PBXShellScriptBuildPhase;
			buildActionMask = 2147483647;
			files = (
			);
			inputPaths = (
			);
			name = "[CP] Copy Pods Resources";
			outputPaths = (
			);
			runOnlyForDeploymentPostprocessing = 0;
			shellPath = /bin/sh;
			shellScript = "\"${SRCROOT}/Pods/Target Support Files/Pods-iV2Tests/Pods-iV2Tests-resources.sh\"\n";
			showEnvVarsInLog = 0;
		};
		5DDB05DB260285D03040A9B7 /* [CP] Check Pods Manifest.lock */ = {
			isa = PBXShellScriptBuildPhase;
			buildActionMask = 2147483647;
			files = (
			);
			inputPaths = (
				"${PODS_PODFILE_DIR_PATH}/Podfile.lock",
				"${PODS_ROOT}/Manifest.lock",
			);
			name = "[CP] Check Pods Manifest.lock";
			outputPaths = (
				"$(DERIVED_FILE_DIR)/Pods-iV2-checkManifestLockResult.txt",
			);
			runOnlyForDeploymentPostprocessing = 0;
			shellPath = /bin/sh;
			shellScript = "diff \"${PODS_PODFILE_DIR_PATH}/Podfile.lock\" \"${PODS_ROOT}/Manifest.lock\" > /dev/null\nif [ $? != 0 ] ; then\n    # print error to STDERR\n    echo \"error: The sandbox is not in sync with the Podfile.lock. Run 'pod install' or update your CocoaPods installation.\" >&2\n    exit 1\nfi\n# This output is used by Xcode 'outputs' to avoid re-running this script phase.\necho \"SUCCESS\" > \"${SCRIPT_OUTPUT_FILE_0}\"\n";
			showEnvVarsInLog = 0;
		};
		64BB9CF435E9F2A84B1A9054 /* [CP] Copy Pods Resources */ = {
			isa = PBXShellScriptBuildPhase;
			buildActionMask = 2147483647;
			files = (
			);
			inputPaths = (
			);
			name = "[CP] Copy Pods Resources";
			outputPaths = (
			);
			runOnlyForDeploymentPostprocessing = 0;
			shellPath = /bin/sh;
			shellScript = "\"${SRCROOT}/Pods/Target Support Files/Pods-iV2/Pods-iV2-resources.sh\"\n";
			showEnvVarsInLog = 0;
		};
		84F26D451F8A349B00C7766E /* ShellScript */ = {
			isa = PBXShellScriptBuildPhase;
			buildActionMask = 2147483647;
			files = (
			);
			inputPaths = (
			);
			outputPaths = (
			);
			runOnlyForDeploymentPostprocessing = 0;
			shellPath = /bin/sh;
			shellScript = "\"${PODS_ROOT}/Fabric/run\" 60a5b571f8a6c008c133bfe365b7165872732563 3c7805ca14dafcb4374f8df28248298fb38035e7d58abc1629a0d450dd0ad267";
		};
		A8FC076B5AD821C8B2A63A95 /* [CP] Check Pods Manifest.lock */ = {
			isa = PBXShellScriptBuildPhase;
			buildActionMask = 2147483647;
			files = (
			);
			inputPaths = (
				"${PODS_PODFILE_DIR_PATH}/Podfile.lock",
				"${PODS_ROOT}/Manifest.lock",
			);
			name = "[CP] Check Pods Manifest.lock";
			outputPaths = (
				"$(DERIVED_FILE_DIR)/Pods-iV2Tests-checkManifestLockResult.txt",
			);
			runOnlyForDeploymentPostprocessing = 0;
			shellPath = /bin/sh;
			shellScript = "diff \"${PODS_PODFILE_DIR_PATH}/Podfile.lock\" \"${PODS_ROOT}/Manifest.lock\" > /dev/null\nif [ $? != 0 ] ; then\n    # print error to STDERR\n    echo \"error: The sandbox is not in sync with the Podfile.lock. Run 'pod install' or update your CocoaPods installation.\" >&2\n    exit 1\nfi\n# This output is used by Xcode 'outputs' to avoid re-running this script phase.\necho \"SUCCESS\" > \"${SCRIPT_OUTPUT_FILE_0}\"\n";
			showEnvVarsInLog = 0;
		};
		FDAC83BA19ACEBE8C04B0CEA /* [CP] Embed Pods Frameworks */ = {
			isa = PBXShellScriptBuildPhase;
			buildActionMask = 2147483647;
			files = (
			);
			inputPaths = (
			);
			name = "[CP] Embed Pods Frameworks";
			outputPaths = (
			);
			runOnlyForDeploymentPostprocessing = 0;
			shellPath = /bin/sh;
			shellScript = "\"${SRCROOT}/Pods/Target Support Files/Pods-iV2Tests/Pods-iV2Tests-frameworks.sh\"\n";
			showEnvVarsInLog = 0;
		};
/* End PBXShellScriptBuildPhase section */

/* Begin PBXSourcesBuildPhase section */
		84F26D1E1F8A334200C7766E /* Sources */ = {
			isa = PBXSourcesBuildPhase;
			buildActionMask = 2147483647;
			files = (
				84F26D281F8A334200C7766E /* ViewController.swift in Sources */,
				84F26D261F8A334200C7766E /* AppDelegate.swift in Sources */,
			);
			runOnlyForDeploymentPostprocessing = 0;
		};
		84F26D321F8A334200C7766E /* Sources */ = {
			isa = PBXSourcesBuildPhase;
			buildActionMask = 2147483647;
			files = (
				84F26D3B1F8A334200C7766E /* iV2Tests.swift in Sources */,
			);
			runOnlyForDeploymentPostprocessing = 0;
		};
/* End PBXSourcesBuildPhase section */

/* Begin PBXTargetDependency section */
		84F26D381F8A334200C7766E /* PBXTargetDependency */ = {
			isa = PBXTargetDependency;
			target = 84F26D211F8A334200C7766E /* iV2 */;
			targetProxy = 84F26D371F8A334200C7766E /* PBXContainerItemProxy */;
		};
/* End PBXTargetDependency section */

/* Begin PBXVariantGroup section */
		84F26D291F8A334200C7766E /* Main.storyboard */ = {
			isa = PBXVariantGroup;
			children = (
				84F26D2A1F8A334200C7766E /* Base */,
			);
			name = Main.storyboard;
			sourceTree = "<group>";
		};
		84F26D2E1F8A334200C7766E /* LaunchScreen.storyboard */ = {
			isa = PBXVariantGroup;
			children = (
				84F26D2F1F8A334200C7766E /* Base */,
			);
			name = LaunchScreen.storyboard;
			sourceTree = "<group>";
		};
/* End PBXVariantGroup section */

/* Begin XCBuildConfiguration section */
		84F26D3D1F8A334200C7766E /* Debug */ = {
			isa = XCBuildConfiguration;
			buildSettings = {
				ALWAYS_SEARCH_USER_PATHS = NO;
				CLANG_ANALYZER_NONNULL = YES;
				CLANG_ANALYZER_NUMBER_OBJECT_CONVERSION = YES_AGGRESSIVE;
				CLANG_CXX_LANGUAGE_STANDARD = "gnu++14";
				CLANG_CXX_LIBRARY = "libc++";
				CLANG_ENABLE_MODULES = YES;
				CLANG_ENABLE_OBJC_ARC = YES;
				CLANG_WARN_BLOCK_CAPTURE_AUTORELEASING = YES;
				CLANG_WARN_BOOL_CONVERSION = YES;
				CLANG_WARN_COMMA = YES;
				CLANG_WARN_CONSTANT_CONVERSION = YES;
				CLANG_WARN_DIRECT_OBJC_ISA_USAGE = YES_ERROR;
				CLANG_WARN_DOCUMENTATION_COMMENTS = YES;
				CLANG_WARN_EMPTY_BODY = YES;
				CLANG_WARN_ENUM_CONVERSION = YES;
				CLANG_WARN_INFINITE_RECURSION = YES;
				CLANG_WARN_INT_CONVERSION = YES;
				CLANG_WARN_NON_LITERAL_NULL_CONVERSION = YES;
				CLANG_WARN_OBJC_LITERAL_CONVERSION = YES;
				CLANG_WARN_OBJC_ROOT_CLASS = YES_ERROR;
				CLANG_WARN_RANGE_LOOP_ANALYSIS = YES;
				CLANG_WARN_STRICT_PROTOTYPES = YES;
				CLANG_WARN_SUSPICIOUS_MOVE = YES;
				CLANG_WARN_UNGUARDED_AVAILABILITY = YES_AGGRESSIVE;
				CLANG_WARN_UNREACHABLE_CODE = YES;
				CLANG_WARN__DUPLICATE_METHOD_MATCH = YES;
				CODE_SIGN_IDENTITY = "iPhone Developer";
				COPY_PHASE_STRIP = NO;
				DEBUG_INFORMATION_FORMAT = dwarf;
				ENABLE_STRICT_OBJC_MSGSEND = YES;
				ENABLE_TESTABILITY = YES;
				GCC_C_LANGUAGE_STANDARD = gnu11;
				GCC_DYNAMIC_NO_PIC = NO;
				GCC_NO_COMMON_BLOCKS = YES;
				GCC_OPTIMIZATION_LEVEL = 0;
				GCC_PREPROCESSOR_DEFINITIONS = (
					"DEBUG=1",
					"$(inherited)",
				);
				GCC_WARN_64_TO_32_BIT_CONVERSION = YES;
				GCC_WARN_ABOUT_RETURN_TYPE = YES_ERROR;
				GCC_WARN_UNDECLARED_SELECTOR = YES;
				GCC_WARN_UNINITIALIZED_AUTOS = YES_AGGRESSIVE;
				GCC_WARN_UNUSED_FUNCTION = YES;
				GCC_WARN_UNUSED_VARIABLE = YES;
				IPHONEOS_DEPLOYMENT_TARGET = 11.0;
				MTL_ENABLE_DEBUG_INFO = YES;
				ONLY_ACTIVE_ARCH = YES;
				SDKROOT = iphoneos;
				SWIFT_ACTIVE_COMPILATION_CONDITIONS = DEBUG;
				SWIFT_OPTIMIZATION_LEVEL = "-Onone";
			};
			name = Debug;
		};
		84F26D3E1F8A334200C7766E /* Release */ = {
			isa = XCBuildConfiguration;
			buildSettings = {
				ALWAYS_SEARCH_USER_PATHS = NO;
				CLANG_ANALYZER_NONNULL = YES;
				CLANG_ANALYZER_NUMBER_OBJECT_CONVERSION = YES_AGGRESSIVE;
				CLANG_CXX_LANGUAGE_STANDARD = "gnu++14";
				CLANG_CXX_LIBRARY = "libc++";
				CLANG_ENABLE_MODULES = YES;
				CLANG_ENABLE_OBJC_ARC = YES;
				CLANG_WARN_BLOCK_CAPTURE_AUTORELEASING = YES;
				CLANG_WARN_BOOL_CONVERSION = YES;
				CLANG_WARN_COMMA = YES;
				CLANG_WARN_CONSTANT_CONVERSION = YES;
				CLANG_WARN_DIRECT_OBJC_ISA_USAGE = YES_ERROR;
				CLANG_WARN_DOCUMENTATION_COMMENTS = YES;
				CLANG_WARN_EMPTY_BODY = YES;
				CLANG_WARN_ENUM_CONVERSION = YES;
				CLANG_WARN_INFINITE_RECURSION = YES;
				CLANG_WARN_INT_CONVERSION = YES;
				CLANG_WARN_NON_LITERAL_NULL_CONVERSION = YES;
				CLANG_WARN_OBJC_LITERAL_CONVERSION = YES;
				CLANG_WARN_OBJC_ROOT_CLASS = YES_ERROR;
				CLANG_WARN_RANGE_LOOP_ANALYSIS = YES;
				CLANG_WARN_STRICT_PROTOTYPES = YES;
				CLANG_WARN_SUSPICIOUS_MOVE = YES;
				CLANG_WARN_UNGUARDED_AVAILABILITY = YES_AGGRESSIVE;
				CLANG_WARN_UNREACHABLE_CODE = YES;
				CLANG_WARN__DUPLICATE_METHOD_MATCH = YES;
				CODE_SIGN_IDENTITY = "iPhone Developer";
				COPY_PHASE_STRIP = NO;
				DEBUG_INFORMATION_FORMAT = "dwarf-with-dsym";
				ENABLE_NS_ASSERTIONS = NO;
				ENABLE_STRICT_OBJC_MSGSEND = YES;
				GCC_C_LANGUAGE_STANDARD = gnu11;
				GCC_NO_COMMON_BLOCKS = YES;
				GCC_WARN_64_TO_32_BIT_CONVERSION = YES;
				GCC_WARN_ABOUT_RETURN_TYPE = YES_ERROR;
				GCC_WARN_UNDECLARED_SELECTOR = YES;
				GCC_WARN_UNINITIALIZED_AUTOS = YES_AGGRESSIVE;
				GCC_WARN_UNUSED_FUNCTION = YES;
				GCC_WARN_UNUSED_VARIABLE = YES;
				IPHONEOS_DEPLOYMENT_TARGET = 11.0;
				MTL_ENABLE_DEBUG_INFO = NO;
				SDKROOT = iphoneos;
				SWIFT_OPTIMIZATION_LEVEL = "-Owholemodule";
				VALIDATE_PRODUCT = YES;
			};
			name = Release;
		};
		84F26D401F8A334200C7766E /* Debug */ = {
			isa = XCBuildConfiguration;
			baseConfigurationReference = A3848FE3A3C8C5C1C53D3B97 /* Pods-iV2.debug.xcconfig */;
			buildSettings = {
				ASSETCATALOG_COMPILER_APPICON_NAME = AppIcon;
				CODE_SIGN_STYLE = Automatic;
				DEVELOPMENT_TEAM = LEG7CXMPKJ;
				INFOPLIST_FILE = iV2/Info.plist;
				LD_RUNPATH_SEARCH_PATHS = "$(inherited) @executable_path/Frameworks";
				PRODUCT_BUNDLE_IDENTIFIER = com.maimieng.iV2;
				PRODUCT_NAME = "$(TARGET_NAME)";
				SWIFT_VERSION = 4.0;
				TARGETED_DEVICE_FAMILY = "1,2";
			};
			name = Debug;
		};
		84F26D411F8A334200C7766E /* Release */ = {
			isa = XCBuildConfiguration;
			baseConfigurationReference = 2F79DCFB01811CC1FBC9745E /* Pods-iV2.release.xcconfig */;
			buildSettings = {
				ASSETCATALOG_COMPILER_APPICON_NAME = AppIcon;
				CODE_SIGN_STYLE = Automatic;
				DEVELOPMENT_TEAM = LEG7CXMPKJ;
				INFOPLIST_FILE = iV2/Info.plist;
				LD_RUNPATH_SEARCH_PATHS = "$(inherited) @executable_path/Frameworks";
				PRODUCT_BUNDLE_IDENTIFIER = com.maimieng.iV2;
				PRODUCT_NAME = "$(TARGET_NAME)";
				SWIFT_VERSION = 4.0;
				TARGETED_DEVICE_FAMILY = "1,2";
			};
			name = Release;
		};
		84F26D431F8A334200C7766E /* Debug */ = {
			isa = XCBuildConfiguration;
			baseConfigurationReference = 8DB61DDCF7CF27051D603579 /* Pods-iV2Tests.debug.xcconfig */;
			buildSettings = {
				ALWAYS_EMBED_SWIFT_STANDARD_LIBRARIES = YES;
				BUNDLE_LOADER = "$(TEST_HOST)";
				CODE_SIGN_STYLE = Automatic;
				DEVELOPMENT_TEAM = LEG7CXMPKJ;
				INFOPLIST_FILE = iV2Tests/Info.plist;
				LD_RUNPATH_SEARCH_PATHS = "$(inherited) @executable_path/Frameworks @loader_path/Frameworks";
				PRODUCT_BUNDLE_IDENTIFIER = com.maimieng.iV2Tests;
				PRODUCT_NAME = "$(TARGET_NAME)";
				SWIFT_VERSION = 4.0;
				TARGETED_DEVICE_FAMILY = "1,2";
				TEST_HOST = "$(BUILT_PRODUCTS_DIR)/iV2.app/iV2";
			};
			name = Debug;
		};
		84F26D441F8A334200C7766E /* Release */ = {
			isa = XCBuildConfiguration;
			baseConfigurationReference = 24FD28DA8303F92F536F5FC6 /* Pods-iV2Tests.release.xcconfig */;
			buildSettings = {
				ALWAYS_EMBED_SWIFT_STANDARD_LIBRARIES = YES;
				BUNDLE_LOADER = "$(TEST_HOST)";
				CODE_SIGN_STYLE = Automatic;
				DEVELOPMENT_TEAM = LEG7CXMPKJ;
				INFOPLIST_FILE = iV2Tests/Info.plist;
				LD_RUNPATH_SEARCH_PATHS = "$(inherited) @executable_path/Frameworks @loader_path/Frameworks";
				PRODUCT_BUNDLE_IDENTIFIER = com.maimieng.iV2Tests;
				PRODUCT_NAME = "$(TARGET_NAME)";
				SWIFT_VERSION = 4.0;
				TARGETED_DEVICE_FAMILY = "1,2";
				TEST_HOST = "$(BUILT_PRODUCTS_DIR)/iV2.app/iV2";
			};
			name = Release;
		};
/* End XCBuildConfiguration section */

/* Begin XCConfigurationList section */
		84F26D1D1F8A334200C7766E /* Build configuration list for PBXProject "iV2" */ = {
			isa = XCConfigurationList;
			buildConfigurations = (
				84F26D3D1F8A334200C7766E /* Debug */,
				84F26D3E1F8A334200C7766E /* Release */,
			);
			defaultConfigurationIsVisible = 0;
			defaultConfigurationName = Release;
		};
		84F26D3F1F8A334200C7766E /* Build configuration list for PBXNativeTarget "iV2" */ = {
			isa = XCConfigurationList;
			buildConfigurations = (
				84F26D401F8A334200C7766E /* Debug */,
				84F26D411F8A334200C7766E /* Release */,
			);
			defaultConfigurationIsVisible = 0;
			defaultConfigurationName = Release;
		};
		84F26D421F8A334200C7766E /* Build configuration list for PBXNativeTarget "iV2Tests" */ = {
			isa = XCConfigurationList;
			buildConfigurations = (
				84F26D431F8A334200C7766E /* Debug */,
				84F26D441F8A334200C7766E /* Release */,
			);
			defaultConfigurationIsVisible = 0;
			defaultConfigurationName = Release;
		};
/* End XCConfigurationList section */
	};
	rootObject = 84F26D1A1F8A334200C7766E /* Project object */;
}
